<?xml version="1.0" encoding="utf-8"?>
<Project ToolsVersion="4.0" xmlns="http://schemas.microsoft.com/developer/msbuild/2003">
  <ItemGroup>
    <Filter Include="Source Files">
      <UniqueIdentifier>{4FC737F1-C7A5-4376-A066-2A32D752A2FF}</UniqueIdentifier>
      <Extensions>cpp;c;cc;cxx;c++;cppm;ixx;def;odl;idl;hpj;bat;asm;asmx</Extensions>
    </Filter>
    <Filter Include="Data Structures">
      <UniqueIdentifier>{87e4b0d8-b301-423e-8ef9-4f4c16a734b2}</UniqueIdentifier>
    </Filter>
    <Filter Include="Events">
      <UniqueIdentifier>{bf2aaa12-c468-4cce-a031-e0bebf5501d5}</UniqueIdentifier>
    </Filter>
    <Filter Include="Missions">
      <UniqueIdentifier>{bd3c5275-e916-47e7-a17f-bca720b85c97}</UniqueIdentifier>
    </Filter>
    <Filter Include="UI">
      <UniqueIdentifier>{1d5c07a5-ff5b-4a60-8450-9ec565c2652a}</UniqueIdentifier>
    </Filter>
    <Filter Include="Rovers">
      <UniqueIdentifier>{67990f11-a0b1-4e40-842e-e67ce3410cbf}</UniqueIdentifier>
    </Filter>
    <Filter Include="Mars Station">
      <UniqueIdentifier>{b07a8958-296b-4c6d-8fa9-8e44ff59a0cc}</UniqueIdentifier>
    </Filter>
  </ItemGroup>
  <ItemGroup>
    <ClCompile Include="Main.cpp">
      <Filter>Source Files</Filter>
    </ClCompile>
    <ClCompile Include="Missions\Missions.cpp">
      <Filter>Missions</Filter>
    </ClCompile>
    <ClCompile Include="UI\UI.cpp">
      <Filter>UI</Filter>
    </ClCompile>
    <ClCompile Include="Rovers\Rovers.cpp">
      <Filter>Rovers</Filter>
    </ClCompile>
    <ClCompile Include="MarsStation\MarsStation.cpp">
      <Filter>Mars Station</Filter>
    </ClCompile>
    <ClCompile Include="Events\Events.cpp">
      <Filter>Events</Filter>
    </ClCompile>
  </ItemGroup>
  <ItemGroup>
    <ClInclude Include="Missions\Missions.h">
      <Filter>Missions</Filter>
    </ClInclude>
    <ClInclude Include="UI\UI.h">
      <Filter>UI</Filter>
    </ClInclude>
    <ClInclude Include="Rovers\Rovers.h">
      <Filter>Rovers</Filter>
    </ClInclude>
    <ClInclude Include="MarsStation\MarsStation.h">
      <Filter>Mars Station</Filter>
    </ClInclude>
    <ClInclude Include="Defs.h">
      <Filter>Source Files</Filter>
    </ClInclude>
    <ClInclude Include="Events\Events.h">
      <Filter>Events</Filter>
    </ClInclude>
    <ClInclude Include="Data Structures\LinkedList.h">
      <Filter>Data Structures</Filter>
    </ClInclude>
    <ClInclude Include="Data Structures\Node.h">
      <Filter>Data Structures</Filter>
    </ClInclude>
    <ClInclude Include="Data Structures\PriorityQueue.h">
      <Filter>Data Structures</Filter>
    </ClInclude>
    <ClInclude Include="Data Structures\Queue.h">
      <Filter>Data Structures</Filter>
    </ClInclude>
  </ItemGroup>
</Project>