<?xml version="1.0" encoding="utf-8"?>
<Project ToolsVersion="4.0" xmlns="http://schemas.microsoft.com/developer/msbuild/2003">
  <ItemGroup>
    <Filter Include="Source Files">
      <UniqueIdentifier>{4FC737F1-C7A5-4376-A066-2A32D752A2FF}</UniqueIdentifier>
      <Extensions>cpp;c;cc;cxx;c++;cppm;ixx;def;odl;idl;hpj;bat;asm;asmx</Extensions>
    </Filter>
    <Filter Include="Data Structures">
      <UniqueIdentifier>{87e4b0d8-b301-423e-8ef9-4f4c16a734b2}</UniqueIdentifier>
    </Filter>
    <Filter Include="Events">
      <UniqueIdentifier>{bf2aaa12-c468-4cce-a031-e0bebf5501d5}</UniqueIdentifier>
    </Filter>
  </ItemGroup>
  <ItemGroup>
    <ClCompile Include="Main.cpp">
      <Filter>Source Files</Filter>
    </ClCompile>
    <ClCompile Include="Events.cpp">
      <Filter>Events</Filter>
    </ClCompile>
    <ClCompile Include="FormulationEvent.cpp">
      <Filter>Events</Filter>
    </ClCompile>
    <ClCompile Include="CancellationEvent.cpp">
      <Filter>Events</Filter>
    </ClCompile>
  </ItemGroup>
  <ItemGroup>
    <ClInclude Include="Node.h">
      <Filter>Data Structures</Filter>
    </ClInclude>
    <ClInclude Include="LinkedList.h">
      <Filter>Data Structures</Filter>
    </ClInclude>
    <ClInclude Include="Queue.h">
      <Filter>Data Structures</Filter>
    </ClInclude>
    <ClInclude Include="PriorityQueue.h">
      <Filter>Data Structures</Filter>
    </ClInclude>
    <ClInclude Include="Events.h">
      <Filter>Events</Filter>
    </ClInclude>
    <ClInclude Include="FormulationEvent.h">
      <Filter>Events</Filter>
    </ClInclude>
    <ClInclude Include="CancellationEvent.h">
      <Filter>Events</Filter>
    </ClInclude>
  </ItemGroup>
</Project>